
Microsoft Visual Studio Solution File, Format Version 12.00
# Visual Studio Version 16
VisualStudioVersion = 16.0.30204.135
MinimumVisualStudioVersion = 10.0.40219.1
Project("{FAE04EC0-301F-11D3-BF4B-00C04F79EFBC}") = "MathLib", "MathLib\MathLib.csproj", "{C032CA79-6027-49EB-A831-05A87A5C5204}"
EndProject
Project("{FAE04EC0-301F-11D3-BF4B-00C04F79EFBC}") = "TestMathLib", "TestMathLib\TestMathLib.csproj", "{DE7D257D-142C-49E0-8852-A69890722039}"
EndProject
Global
	GlobalSection(SolutionConfigurationPlatforms) = preSolution
		Debug|Any CPU = Debug|Any CPU
		Release|Any CPU = Release|Any CPU
	EndGlobalSection
	GlobalSection(ProjectConfigurationPlatforms) = postSolution
		{C032CA79-6027-49EB-A831-05A87A5C5204}.Debug|Any CPU.ActiveCfg = Debug|Any CPU
		{C032CA79-6027-49EB-A831-05A87A5C5204}.Debug|Any CPU.Build.0 = Debug|Any CPU
		{C032CA79-6027-49EB-A831-05A87A5C5204}.Release|Any CPU.ActiveCfg = Release|Any CPU
		{C032CA79-6027-49EB-A831-05A87A5C5204}.Release|Any CPU.Build.0 = Release|Any CPU
		{DE7D257D-142C-49E0-8852-A69890722039}.Debug|Any CPU.ActiveCfg = Debug|Any CPU
		{DE7D257D-142C-49E0-8852-A69890722039}.Debug|Any CPU.Build.0 = Debug|Any CPU
		{DE7D257D-142C-49E0-8852-A69890722039}.Release|Any CPU.ActiveCfg = Release|Any CPU
		{DE7D257D-142C-49E0-8852-A69890722039}.Release|Any CPU.Build.0 = Release|Any CPU
	EndGlobalSection
	GlobalSection(SolutionProperties) = preSolution
		HideSolutionNode = FALSE
	EndGlobalSection
	GlobalSection(ExtensibilityGlobals) = postSolution
		SolutionGuid = {FC2B2A92-E9FD-428A-B7F4-284062D8BEB9}
	EndGlobalSection
EndGlobal
